PODS:
  - BEMCheckBox (1.4.1)
  - Cosmos (23.0.0)
  - DRCircularProgress (1.0.3)
  - Firebase/Analytics (11.5.0):
    - Firebase/Core
  - Firebase/Auth (11.5.0):
    - Firebase/CoreOnly
    - FirebaseAuth (~> 11.5.0)
  - Firebase/Core (11.5.0):
    - Firebase/CoreOnly
    - FirebaseAnalytics (~> 11.5.0)
  - Firebase/CoreOnly (11.5.0):
    - FirebaseCore (= 11.5.0)
  - Firebase/Messaging (11.5.0):
    - Firebase/CoreOnly
    - FirebaseMessaging (~> 11.5.0)
  - FirebaseAnalytics (11.5.0):
    - FirebaseAnalytics/AdIdSupport (= 11.5.0)
    - FirebaseCore (= 11.5)
    - FirebaseInstallations (~> 11.0)
    - GoogleUtilities/AppDelegateSwizzler (~> 8.0)
    - GoogleUtilities/MethodSwizzler (~> 8.0)
    - GoogleUtilities/Network (~> 8.0)
    - "GoogleUtilities/NSData+zlib (~> 8.0)"
    - nanopb (~> 3.30910.0)
  - FirebaseAnalytics/AdIdSupport (11.5.0):
    - FirebaseCore (= 11.5)
    - FirebaseInstallations (~> 11.0)
    - GoogleAppMeasurement (= 11.5.0)
    - GoogleUtilities/AppDelegateSwizzler (~> 8.0)
    - GoogleUtilities/MethodSwizzler (~> 8.0)
    - GoogleUtilities/Network (~> 8.0)
    - "GoogleUtilities/NSData+zlib (~> 8.0)"
    - nanopb (~> 3.30910.0)
  - FirebaseAppCheckInterop (11.15.0)
  - FirebaseAuth (11.5.0):
    - FirebaseAppCheckInterop (~> 11.0)
    - FirebaseAuthInterop (~> 11.0)
    - FirebaseCore (= 11.5)
    - FirebaseCoreExtension (= 11.5)
    - GoogleUtilities/AppDelegateSwizzler (~> 8.0)
    - GoogleUtilities/Environment (~> 8.0)
    - GTMSessionFetcher/Core (< 5.0, >= 3.4)
    - RecaptchaInterop (~> 100.0)
  - FirebaseAuthInterop (11.15.0)
  - FirebaseCore (11.5.0):
    - FirebaseCoreInternal (= 11.5)
    - GoogleUtilities/Environment (~> 8.0)
    - GoogleUtilities/Logger (~> 8.0)
  - FirebaseCoreExtension (11.5.0):
    - FirebaseCore (= 11.5)
  - FirebaseCoreInternal (11.5.0):
    - "GoogleUtilities/NSData+zlib (~> 8.0)"
  - FirebaseInstallations (11.5.0):
    - FirebaseCore (= 11.5)
    - GoogleUtilities/Environment (~> 8.0)
    - GoogleUtilities/UserDefaults (~> 8.0)
    - PromisesObjC (~> 2.4)
  - FirebaseMessaging (11.5.0):
    - FirebaseCore (= 11.5)
    - FirebaseInstallations (~> 11.0)
    - GoogleDataTransport (~> 10.0)
    - GoogleUtilities/AppDelegateSwizzler (~> 8.0)
    - GoogleUtilities/Environment (~> 8.0)
    - GoogleUtilities/Reachability (~> 8.0)
    - GoogleUtilities/UserDefaults (~> 8.0)
    - nanopb (~> 3.30910.0)
  - GoogleAppMeasurement (11.5.0):
    - GoogleAppMeasurement/AdIdSupport (= 11.5.0)
    - GoogleUtilities/AppDelegateSwizzler (~> 8.0)
    - GoogleUtilities/MethodSwizzler (~> 8.0)
    - GoogleUtilities/Network (~> 8.0)
    - "GoogleUtilities/NSData+zlib (~> 8.0)"
    - nanopb (~> 3.30910.0)
  - GoogleAppMeasurement/AdIdSupport (11.5.0):
    - GoogleAppMeasurement/WithoutAdIdSupport (= 11.5.0)
    - GoogleUtilities/AppDelegateSwizzler (~> 8.0)
    - GoogleUtilities/MethodSwizzler (~> 8.0)
    - GoogleUtilities/Network (~> 8.0)
    - "GoogleUtilities/NSData+zlib (~> 8.0)"
    - nanopb (~> 3.30910.0)
  - GoogleAppMeasurement/WithoutAdIdSupport (11.5.0):
    - GoogleUtilities/AppDelegateSwizzler (~> 8.0)
    - GoogleUtilities/MethodSwizzler (~> 8.0)
    - GoogleUtilities/Network (~> 8.0)
    - "GoogleUtilities/NSData+zlib (~> 8.0)"
    - nanopb (~> 3.30910.0)
  - GoogleDataTransport (10.1.0):
    - nanopb (~> 3.30910.0)
    - PromisesObjC (~> 2.4)
  - GoogleUtilities/AppDelegateSwizzler (8.0.2):
    - GoogleUtilities/Environment
    - GoogleUtilities/Logger
    - GoogleUtilities/Network
    - GoogleUtilities/Privacy
  - GoogleUtilities/Environment (8.0.2):
    - GoogleUtilities/Privacy
  - GoogleUtilities/Logger (8.0.2):
    - GoogleUtilities/Environment
    - GoogleUtilities/Privacy
  - GoogleUtilities/MethodSwizzler (8.0.2):
    - GoogleUtilities/Logger
    - GoogleUtilities/Privacy
  - GoogleUtilities/Network (8.0.2):
    - GoogleUtilities/Logger
    - "GoogleUtilities/NSData+zlib"
    - GoogleUtilities/Privacy
    - GoogleUtilities/Reachability
  - "GoogleUtilities/NSData+zlib (8.0.2)":
    - GoogleUtilities/Privacy
  - GoogleUtilities/Privacy (8.0.2)
  - GoogleUtilities/Reachability (8.0.2):
    - GoogleUtilities/Logger
    - GoogleUtilities/Privacy
  - GoogleUtilities/UserDefaults (8.0.2):
    - GoogleUtilities/Logger
    - GoogleUtilities/Privacy
  - GTMSessionFetcher/Core (4.5.0)
  - iOS-QR-Code-Generator (0.1.0)
  - IQKeyboardManager (6.2.1)
  - MaterialComponents/AnimationTiming (124.2.0)
  - MaterialComponents/Availability (124.2.0)
  - MaterialComponents/BottomNavigation (124.2.0):
    - MaterialComponents/Availability
    - MaterialComponents/Elevation
    - MaterialComponents/Ink
    - MaterialComponents/Palettes
    - MaterialComponents/private/Math
    - MaterialComponents/Ripple
    - MaterialComponents/Shadow
    - MaterialComponents/ShadowElevations
    - MaterialComponents/ShadowLayer
    - MaterialComponents/Typography
    - MDFInternationalization
  - "MaterialComponents/BottomNavigation+Theming (124.2.0)":
    - MaterialComponents/BottomNavigation
    - MaterialComponents/schemes/Color
    - MaterialComponents/schemes/Container
    - MaterialComponents/schemes/Typography
    - MaterialComponents/ShadowElevations
  - MaterialComponents/Elevation (124.2.0):
    - MaterialComponents/Availability
    - MaterialComponents/private/Color
    - MaterialComponents/private/Math
  - MaterialComponents/Ink (124.2.0):
    - MaterialComponents/Availability
    - MaterialComponents/private/Color
    - MaterialComponents/private/Math
  - MaterialComponents/Palettes (124.2.0)
  - MaterialComponents/private/Application (124.2.0)
  - MaterialComponents/private/Color (124.2.0):
    - MaterialComponents/Availability
  - MaterialComponents/private/Math (124.2.0)
  - MaterialComponents/private/ThumbTrack (124.2.0):
    - MaterialComponents/Availability
    - MaterialComponents/Ink
    - MaterialComponents/private/Math
    - MaterialComponents/Ripple
    - MaterialComponents/ShadowElevations
    - MaterialComponents/ShadowLayer
    - MaterialComponents/ShapeLibrary
    - MaterialComponents/Typography
    - MDFInternationalization
  - MaterialComponents/Ripple (124.2.0):
    - MaterialComponents/AnimationTiming
    - MaterialComponents/Availability
    - MaterialComponents/private/Color
    - MaterialComponents/private/Math
  - MaterialComponents/schemes/Color (124.2.0):
    - MaterialComponents/Availability
    - MaterialComponents/private/Color
  - MaterialComponents/schemes/Container (124.2.0):
    - MaterialComponents/schemes/Color
    - MaterialComponents/schemes/Shape
    - MaterialComponents/schemes/Typography
  - MaterialComponents/schemes/Shape (124.2.0):
    - MaterialComponents/ShapeLibrary
    - MaterialComponents/Shapes
  - MaterialComponents/schemes/Typography (124.2.0):
    - "MaterialComponents/schemes/Typography+BasicFontScheme"
    - "MaterialComponents/schemes/Typography+Scheming"
    - MaterialComponents/Typography
  - "MaterialComponents/schemes/Typography+BasicFontScheme (124.2.0)"
  - "MaterialComponents/schemes/Typography+Scheming (124.2.0)"
  - MaterialComponents/Shadow (124.2.0):
    - MaterialComponents/Availability
  - MaterialComponents/ShadowElevations (124.2.0)
  - MaterialComponents/ShadowLayer (124.2.0):
    - MaterialComponents/ShadowElevations
  - MaterialComponents/ShapeLibrary (124.2.0):
    - MaterialComponents/private/Math
    - MaterialComponents/Shapes
  - MaterialComponents/Shapes (124.2.0):
    - MaterialComponents/private/Color
    - MaterialComponents/private/Math
    - MaterialComponents/ShadowLayer
  - MaterialComponents/Slider (124.2.0):
    - MaterialComponents/Elevation
    - MaterialComponents/Palettes
    - MaterialComponents/private/Math
    - MaterialComponents/private/ThumbTrack
    - MaterialComponents/ShadowElevations
  - "MaterialComponents/Slider+ColorThemer (124.2.0)":
    - MaterialComponents/Palettes
    - MaterialComponents/schemes/Color
    - MaterialComponents/Slider
  - "MaterialComponents/Tabs+TabBarView (124.2.0)":
    - MaterialComponents/AnimationTiming
    - MaterialComponents/private/Math
    - MaterialComponents/Ripple
    - MDFInternationalization
  - "MaterialComponents/Tabs+TabBarViewTheming (124.2.0)":
    - MaterialComponents/schemes/Container
    - "MaterialComponents/Tabs+TabBarView"
  - MaterialComponents/Typography (124.2.0):
    - MaterialComponents/private/Application
    - MaterialComponents/private/Math
    - MDFTextAccessibility
  - MDFInternationalization (3.0.0)
  - MDFTextAccessibility (2.0.1)
  - nanopb (3.30910.0):
    - nanopb/decode (= 3.30910.0)
    - nanopb/encode (= 3.30910.0)
  - nanopb/decode (3.30910.0)
  - nanopb/encode (3.30910.0)
  - PromisesObjC (2.4.0)
  - QBImagePickerController (3.4.0)
  - RecaptchaInterop (100.0.0)

DEPENDENCIES:
  - BEMCheckBox (~> 1.4.1)
  - Cosmos (from `https://github.com/triniwiz/Cosmos.git`)
  - DRCircularProgress (~> 1.0.3)
  - Firebase/Analytics (~> 11.5.0)
  - Firebase/Auth (~> 11.5.0)
  - Firebase/Messaging (~> 11.5.0)
  - GoogleUtilities/AppDelegateSwizzler (~> 8.0.2)
  - iOS-QR-Code-Generator (= 0.1.0)
  - IQKeyboardManager (~> 6.2.0)
  - "MaterialComponents/BottomNavigation+Theming"
  - MaterialComponents/Ripple
  - MaterialComponents/schemes/Color
  - "MaterialComponents/Slider+ColorThemer"
  - "MaterialComponents/Tabs+TabBarViewTheming"
  - QBImagePickerController (from `https://github.com/flypapertech/QBImagePicker.git`, commit `47aa21d32f8e6db0df79b089ad64e43d498b5951`)

SPEC REPOS:
  trunk:
    - BEMCheckBox
    - DRCircularProgress
    - Firebase
    - FirebaseAnalytics
    - FirebaseAppCheckInterop
    - FirebaseAuth
    - FirebaseAuthInterop
    - FirebaseCore
    - FirebaseCoreExtension
    - FirebaseCoreInternal
    - FirebaseInstallations
    - FirebaseMessaging
    - GoogleAppMeasurement
    - GoogleDataTransport
    - GoogleUtilities
    - GTMSessionFetcher
    - iOS-QR-Code-Generator
    - IQKeyboardManager
    - MaterialComponents
    - MDFInternationalization
    - MDFTextAccessibility
    - nanopb
    - PromisesObjC
    - RecaptchaInterop

EXTERNAL SOURCES:
  Cosmos:
    :git: https://github.com/triniwiz/Cosmos.git
  QBImagePickerController:
    :commit: 47aa21d32f8e6db0df79b089ad64e43d498b5951
    :git: https://github.com/flypapertech/QBImagePicker.git

CHECKOUT OPTIONS:
  Cosmos:
    :commit: ef59bc0ca715ed0b5215a7a40892e5b5964ecb5d
    :git: https://github.com/triniwiz/Cosmos.git
  QBImagePickerController:
    :commit: 47aa21d32f8e6db0df79b089ad64e43d498b5951
    :git: https://github.com/flypapertech/QBImagePicker.git

SPEC CHECKSUMS:
  BEMCheckBox: 5ba6e37ade3d3657b36caecc35c8b75c6c2b1a4e
  Cosmos: b5c6a9a637e28a061b54c8f8b1d8529d7d4db73f
  DRCircularProgress: d4e19f1d1bfb47e7c6337585748d26624ef7c7d1
  Firebase: 7a56fe4f56b5ab81b86a6822f5b8f909ae6fc7e2
  FirebaseAnalytics: 2f4a11eeb7a0e9c6fcf642d4e6aaca7fa4d38c28
  FirebaseAppCheckInterop: 06fe5a3799278ae4667e6c432edd86b1030fa3df
  FirebaseAuth: d8ad770642af39d1be932094be5f5230efb0ea74
  FirebaseAuthInterop: 7087d7a4ee4bc4de019b2d0c240974ed5d89e2fd
  FirebaseCore: 93abc05437f8064cd2bc0a53b768fb0bc5a1d006
  FirebaseCoreExtension: ddb2eb987f736b714d30f6386795b52c4670439e
  FirebaseCoreInternal: f47dd28ae7782e6a4738aad3106071a8fe0af604
  FirebaseInstallations: d8063d302a426d114ac531cd82b1e335a0565745
  FirebaseMessaging: 9f4e42053241bd45ce8565c881bfdd9c1df2f7da
  GoogleAppMeasurement: ee5c2d2242816773fbf79e5b0563f5355ef1c315
  GoogleDataTransport: aae35b7ea0c09004c3797d53c8c41f66f219d6a7
  GoogleUtilities: 26a3abef001b6533cf678d3eb38fd3f614b7872d
  GTMSessionFetcher: fc75fc972958dceedee61cb662ae1da7a83a91cf
  iOS-QR-Code-Generator: 88c1a23875c81e003413b3f296ba7a271620ca1b
  IQKeyboardManager: 964638372b4a61892cc74fdfa6fd26de8c9464a2
  MaterialComponents: 1a9b2d9d45b1601ae544de85089adc4c464306d4
  MDFInternationalization: d697c55307816222a55685c4ccb1044ffb030c12
  MDFTextAccessibility: f4bb4cc2194286651b59a215fdeaa0e05dc90ba5
  nanopb: fad817b59e0457d11a5dfbde799381cd727c1275
  PromisesObjC: f5707f49cb48b9636751c5b2e7d227e43fba9f47
  QBImagePickerController: d54cf93db6decf26baf6ed3472f336ef35cae022
  RecaptchaInterop: 7d1a4a01a6b2cb1610a47ef3f85f0c411434cb21

PODFILE CHECKSUM: 09d0a3155941ddb752b478cacbb1081cc82f9320

COCOAPODS: 1.16.2
